
Microsoft Visual Studio Solution File, Format Version 12.00
# Visual Studio Version 17
VisualStudioVersion = 17.10.35013.160
MinimumVisualStudioVersion = 10.0.40219.1
Project("{FAE04EC0-301F-11D3-BF4B-00C04F79EFBC}") = "Tienda", "Tienda.csproj", "{B024BADA-1EEF-4A89-A374-B3956A6EC239}"
EndProject
Global
	GlobalSection(SolutionConfigurationPlatforms) = preSolution
		Debug|Any CPU = Debug|Any CPU
		Release|Any CPU = Release|Any CPU
	EndGlobalSection
	GlobalSection(ProjectConfigurationPlatforms) = postSolution
		{B024BADA-1EEF-4A89-A374-B3956A6EC239}.Debug|Any CPU.ActiveCfg = Debug|Any CPU
		{B024BADA-1EEF-4A89-A374-B3956A6EC239}.Debug|Any CPU.Build.0 = Debug|Any CPU
		{B024BADA-1EEF-4A89-A374-B3956A6EC239}.Release|Any CPU.ActiveCfg = Release|Any CPU
		{B024BADA-1EEF-4A89-A374-B3956A6EC239}.Release|Any CPU.Build.0 = Release|Any CPU
	EndGlobalSection
	GlobalSection(SolutionProperties) = preSolution
		HideSolutionNode = FALSE
	EndGlobalSection
	GlobalSection(ExtensibilityGlobals) = postSolution
		SolutionGuid = {E3B1D747-AA8E-4147-9E91-675E934ED278}
	EndGlobalSection
EndGlobal
