
Microsoft Visual Studio Solution File, Format Version 12.00
# Visual Studio Version 17
VisualStudioVersion = 17.10.35013.160
MinimumVisualStudioVersion = 10.0.40219.1
Project("{FAE04EC0-301F-11D3-BF4B-00C04F79EFBC}") = "miniTienda", "miniTienda.csproj", "{7C0529D7-6188-457A-9BF2-C6D5728B056E}"
EndProject
Global
	GlobalSection(SolutionConfigurationPlatforms) = preSolution
		Debug|Any CPU = Debug|Any CPU
		Release|Any CPU = Release|Any CPU
	EndGlobalSection
	GlobalSection(ProjectConfigurationPlatforms) = postSolution
		{7C0529D7-6188-457A-9BF2-C6D5728B056E}.Debug|Any CPU.ActiveCfg = Debug|Any CPU
		{7C0529D7-6188-457A-9BF2-C6D5728B056E}.Debug|Any CPU.Build.0 = Debug|Any CPU
		{7C0529D7-6188-457A-9BF2-C6D5728B056E}.Release|Any CPU.ActiveCfg = Release|Any CPU
		{7C0529D7-6188-457A-9BF2-C6D5728B056E}.Release|Any CPU.Build.0 = Release|Any CPU
	EndGlobalSection
	GlobalSection(SolutionProperties) = preSolution
		HideSolutionNode = FALSE
	EndGlobalSection
	GlobalSection(ExtensibilityGlobals) = postSolution
		SolutionGuid = {DCC003DE-2398-4923-9AD2-ED9F0BA59A9F}
	EndGlobalSection
EndGlobal
