
Microsoft Visual Studio Solution File, Format Version 12.00
# Visual Studio Version 17
VisualStudioVersion = 17.10.35013.160
MinimumVisualStudioVersion = 10.0.40219.1
Project("{FAE04EC0-301F-11D3-BF4B-00C04F79EFBC}") = "POOsemana1", "POOsemana1.csproj", "{5541274B-2AF5-442F-A31B-C1110B3BBBBF}"
EndProject
Global
	GlobalSection(SolutionConfigurationPlatforms) = preSolution
		Debug|Any CPU = Debug|Any CPU
		Release|Any CPU = Release|Any CPU
	EndGlobalSection
	GlobalSection(ProjectConfigurationPlatforms) = postSolution
		{5541274B-2AF5-442F-A31B-C1110B3BBBBF}.Debug|Any CPU.ActiveCfg = Debug|Any CPU
		{5541274B-2AF5-442F-A31B-C1110B3BBBBF}.Debug|Any CPU.Build.0 = Debug|Any CPU
		{5541274B-2AF5-442F-A31B-C1110B3BBBBF}.Release|Any CPU.ActiveCfg = Release|Any CPU
		{5541274B-2AF5-442F-A31B-C1110B3BBBBF}.Release|Any CPU.Build.0 = Release|Any CPU
	EndGlobalSection
	GlobalSection(SolutionProperties) = preSolution
		HideSolutionNode = FALSE
	EndGlobalSection
	GlobalSection(ExtensibilityGlobals) = postSolution
		SolutionGuid = {225D3ADC-EB03-41AC-8E06-8C9502BEFCBF}
	EndGlobalSection
EndGlobal
